<?xml version="1.0" encoding="UTF-8"?>
<Solution>
	<Configurations>
		<BuildType Name="Debug"/>
		<BuildType Name="Release"/>
		<BuildType Name="MinSizeRel"/>
		<BuildType Name="RelWithDebInfo"/>
		<Platform Name="x64"/>
	</Configurations>
	<Project Path="ALL_BUILD.vcxproj" Type="8bc9ceb8-8b4a-11d0-8d11-00a0c91bc942" Id="392858b5-3171-3133-bc99-f62982513b0d" DefaultStartup="true">
		<BuildDependency Project="ZERO_CHECK.vcxproj"/>
		<BuildDependency Project="netpulse_core.vcxproj"/>
		<BuildDependency Project="netpulse_tests.vcxproj"/>
		<BuildDependency Project="cli/npulse.vcxproj"/>
		<Build Solution="Debug|*" Project="false"/>
		<Build Solution="Release|*" Project="false"/>
		<Build Solution="MinSizeRel|*" Project="false"/>
		<Build Solution="RelWithDebInfo|*" Project="false"/>
	</Project>
	<Project Path="RUN_TESTS.vcxproj" Type="8bc9ceb8-8b4a-11d0-8d11-00a0c91bc942" Id="168fee86-324e-3a39-b513-943be2e48a37">
		<BuildDependency Project="ZERO_CHECK.vcxproj"/>
		<Build Solution="Debug|*" Project="false"/>
		<Build Solution="Release|*" Project="false"/>
		<Build Solution="MinSizeRel|*" Project="false"/>
		<Build Solution="RelWithDebInfo|*" Project="false"/>
	</Project>
	<Project Path="ZERO_CHECK.vcxproj" Type="8bc9ceb8-8b4a-11d0-8d11-00a0c91bc942" Id="4d17a9db-37b1-3360-8a10-a6fb53c0ad6f"/>
	<Project Path="netpulse_core.vcxproj" Type="8bc9ceb8-8b4a-11d0-8d11-00a0c91bc942" Id="dfcd0dce-d7b2-3833-bbac-130236754d1d">
		<BuildDependency Project="ZERO_CHECK.vcxproj"/>
	</Project>
	<Project Path="netpulse_tests.vcxproj" Type="8bc9ceb8-8b4a-11d0-8d11-00a0c91bc942" Id="c4f9f53b-011f-3ceb-8dde-4ee109803f4b">
		<BuildDependency Project="ZERO_CHECK.vcxproj"/>
		<BuildDependency Project="netpulse_core.vcxproj"/>
	</Project>
	<Project Path="cli/npulse.vcxproj" Type="8bc9ceb8-8b4a-11d0-8d11-00a0c91bc942" Id="bdd154ab-b5d0-3945-88c6-acfdb45e0394">
		<BuildDependency Project="ZERO_CHECK.vcxproj"/>
		<BuildDependency Project="netpulse_core.vcxproj"/>
	</Project>
</Solution>
